// !$*UTF8*$!
{
	archiveVersion = 1;
	classes = {
	};
	objectVersion = 46;
	objects = {

/* Begin PBXBuildFile section */
		EBB8FAA61A6D838100E066D8 /* main.m in Sources */ = {isa = PBXBuildFile; fileRef = EBB8FAA51A6D838100E066D8 /* main.m */; };
		EBB8FAA91A6D838100E066D8 /* AppDelegate.m in Sources */ = {isa = PBXBuildFile; fileRef = EBB8FAA81A6D838100E066D8 /* AppDelegate.m */; };
		EBB8FAAC1A6D838100E066D8 /* ViewController.m in Sources */ = {isa = PBXBuildFile; fileRef = EBB8FAAB1A6D838100E066D8 /* ViewController.m */; };
		EBB8FAAF1A6D838100E066D8 /* Main.storyboard in Resources */ = {isa = PBXBuildFile; fileRef = EBB8FAAD1A6D838100E066D8 /* Main.storyboard */; };
		EBB8FAB11A6D838100E066D8 /* Images.xcassets in Resources */ = {isa = PBXBuildFile; fileRef = EBB8FAB01A6D838100E066D8 /* Images.xcassets */; };
		EBB8FAB41A6D838100E066D8 /* LaunchScreen.xib in Resources */ = {isa = PBXBuildFile; fileRef = EBB8FAB21A6D838100E066D8 /* LaunchScreen.xib */; };
		EBB8FAC01A6D838100E066D8 /* TipCalcTests.m in Sources */ = {isa = PBXBuildFile; fileRef = EBB8FABF1A6D838100E066D8 /* TipCalcTests.m */; };
		EBB8FACC1A6D83B800E066D8 /* TipViewController.m in Sources */ = {isa = PBXBuildFile; fileRef = EBB8FACA1A6D83B800E066D8 /* TipViewController.m */; };
		EBB8FACD1A6D83B800E066D8 /* TipViewController.xib in Resources */ = {isa = PBXBuildFile; fileRef = EBB8FACB1A6D83B800E066D8 /* TipViewController.xib */; };
		EBB8FAD11A6D9D0700E066D8 /* SettingsViewController.m in Sources */ = {isa = PBXBuildFile; fileRef = EBB8FACF1A6D9D0700E066D8 /* SettingsViewController.m */; };
		EBB8FAD21A6D9D0700E066D8 /* SettingsViewController.xib in Resources */ = {isa = PBXBuildFile; fileRef = EBB8FAD01A6D9D0700E066D8 /* SettingsViewController.xib */; };
/* End PBXBuildFile section */

/* Begin PBXContainerItemProxy section */
		EBB8FABA1A6D838100E066D8 /* PBXContainerItemProxy */ = {
			isa = PBXContainerItemProxy;
			containerPortal = EBB8FA981A6D838000E066D8 /* Project object */;
			proxyType = 1;
			remoteGlobalIDString = EBB8FA9F1A6D838000E066D8;
			remoteInfo = TipCalc;
		};
/* End PBXContainerItemProxy section */

/* Begin PBXFileReference section */
		EBB8FAA01A6D838100E066D8 /* TipCalc.app */ = {isa = PBXFileReference; explicitFileType = wrapper.application; includeInIndex = 0; path = TipCalc.app; sourceTree = BUILT_PRODUCTS_DIR; };
		EBB8FAA41A6D838100E066D8 /* Info.plist */ = {isa = PBXFileReference; lastKnownFileType = text.plist.xml; path = Info.plist; sourceTree = "<group>"; };
		EBB8FAA51A6D838100E066D8 /* main.m */ = {isa = PBXFileReference; lastKnownFileType = sourcecode.c.objc; path = main.m; sourceTree = "<group>"; };
		EBB8FAA71A6D838100E066D8 /* AppDelegate.h */ = {isa = PBXFileReference; lastKnownFileType = sourcecode.c.h; path = AppDelegate.h; sourceTree = "<group>"; };
		EBB8FAA81A6D838100E066D8 /* AppDelegate.m */ = {isa = PBXFileReference; lastKnownFileType = sourcecode.c.objc; path = AppDelegate.m; sourceTree = "<group>"; };
		EBB8FAAA1A6D838100E066D8 /* ViewController.h */ = {isa = PBXFileReference; lastKnownFileType = sourcecode.c.h; path = ViewController.h; sourceTree = "<group>"; };
		EBB8FAAB1A6D838100E066D8 /* ViewController.m */ = {isa = PBXFileReference; lastKnownFileType = sourcecode.c.objc; path = ViewController.m; sourceTree = "<group>"; };
		EBB8FAAE1A6D838100E066D8 /* Base */ = {isa = PBXFileReference; lastKnownFileType = file.storyboard; name = Base; path = Base.lproj/Main.storyboard; sourceTree = "<group>"; };
		EBB8FAB01A6D838100E066D8 /* Images.xcassets */ = {isa = PBXFileReference; lastKnownFileType = folder.assetcatalog; path = Images.xcassets; sourceTree = "<group>"; };
		EBB8FAB31A6D838100E066D8 /* Base */ = {isa = PBXFileReference; lastKnownFileType = file.xib; name = Base; path = Base.lproj/LaunchScreen.xib; sourceTree = "<group>"; };
		EBB8FAB91A6D838100E066D8 /* TipCalcTests.xctest */ = {isa = PBXFileReference; explicitFileType = wrapper.cfbundle; includeInIndex = 0; path = TipCalcTests.xctest; sourceTree = BUILT_PRODUCTS_DIR; };
		EBB8FABE1A6D838100E066D8 /* Info.plist */ = {isa = PBXFileReference; lastKnownFileType = text.plist.xml; path = Info.plist; sourceTree = "<group>"; };
		EBB8FABF1A6D838100E066D8 /* TipCalcTests.m */ = {isa = PBXFileReference; lastKnownFileType = sourcecode.c.objc; path = TipCalcTests.m; sourceTree = "<group>"; };
		EBB8FAC91A6D83B800E066D8 /* TipViewController.h */ = {isa = PBXFileReference; fileEncoding = 4; lastKnownFileType = sourcecode.c.h; path = TipViewController.h; sourceTree = "<group>"; };
		EBB8FACA1A6D83B800E066D8 /* TipViewController.m */ = {isa = PBXFileReference; fileEncoding = 4; lastKnownFileType = sourcecode.c.objc; path = TipViewController.m; sourceTree = "<group>"; };
		EBB8FACB1A6D83B800E066D8 /* TipViewController.xib */ = {isa = PBXFileReference; fileEncoding = 4; lastKnownFileType = file.xib; path = TipViewController.xib; sourceTree = "<group>"; };
		EBB8FACE1A6D9D0700E066D8 /* SettingsViewController.h */ = {isa = PBXFileReference; fileEncoding = 4; lastKnownFileType = sourcecode.c.h; path = SettingsViewController.h; sourceTree = "<group>"; };
		EBB8FACF1A6D9D0700E066D8 /* SettingsViewController.m */ = {isa = PBXFileReference; fileEncoding = 4; lastKnownFileType = sourcecode.c.objc; path = SettingsViewController.m; sourceTree = "<group>"; };
		EBB8FAD01A6D9D0700E066D8 /* SettingsViewController.xib */ = {isa = PBXFileReference; fileEncoding = 4; lastKnownFileType = file.xib; path = SettingsViewController.xib; sourceTree = "<group>"; };
/* End PBXFileReference section */

/* Begin PBXFrameworksBuildPhase section */
		EBB8FA9D1A6D838000E066D8 /* Frameworks */ = {
			isa = PBXFrameworksBuildPhase;
			buildActionMask = 2147483647;
			files = (
			);
			runOnlyForDeploymentPostprocessing = 0;
		};
		EBB8FAB61A6D838100E066D8 /* Frameworks */ = {
			isa = PBXFrameworksBuildPhase;
			buildActionMask = 2147483647;
			files = (
			);
			runOnlyForDeploymentPostprocessing = 0;
		};
/* End PBXFrameworksBuildPhase section */

/* Begin PBXGroup section */
		EBB8FA971A6D838000E066D8 = {
			isa = PBXGroup;
			children = (
				EBB8FAA21A6D838100E066D8 /* TipCalc */,
				EBB8FABC1A6D838100E066D8 /* TipCalcTests */,
				EBB8FAA11A6D838100E066D8 /* Products */,
			);
			sourceTree = "<group>";
		};
		EBB8FAA11A6D838100E066D8 /* Products */ = {
			isa = PBXGroup;
			children = (
				EBB8FAA01A6D838100E066D8 /* TipCalc.app */,
				EBB8FAB91A6D838100E066D8 /* TipCalcTests.xctest */,
			);
			name = Products;
			sourceTree = "<group>";
		};
		EBB8FAA21A6D838100E066D8 /* TipCalc */ = {
			isa = PBXGroup;
			children = (
				EBB8FAA71A6D838100E066D8 /* AppDelegate.h */,
				EBB8FAA81A6D838100E066D8 /* AppDelegate.m */,
				EBB8FAAA1A6D838100E066D8 /* ViewController.h */,
				EBB8FAAB1A6D838100E066D8 /* ViewController.m */,
				EBB8FAAD1A6D838100E066D8 /* Main.storyboard */,
				EBB8FAB01A6D838100E066D8 /* Images.xcassets */,
				EBB8FAB21A6D838100E066D8 /* LaunchScreen.xib */,
				EBB8FAA31A6D838100E066D8 /* Supporting Files */,
				EBB8FAC91A6D83B800E066D8 /* TipViewController.h */,
				EBB8FACA1A6D83B800E066D8 /* TipViewController.m */,
				EBB8FACB1A6D83B800E066D8 /* TipViewController.xib */,
				EBB8FACE1A6D9D0700E066D8 /* SettingsViewController.h */,
				EBB8FACF1A6D9D0700E066D8 /* SettingsViewController.m */,
				EBB8FAD01A6D9D0700E066D8 /* SettingsViewController.xib */,
			);
			path = TipCalc;
			sourceTree = "<group>";
		};
		EBB8FAA31A6D838100E066D8 /* Supporting Files */ = {
			isa = PBXGroup;
			children = (
				EBB8FAA41A6D838100E066D8 /* Info.plist */,
				EBB8FAA51A6D838100E066D8 /* main.m */,
			);
			name = "Supporting Files";
			sourceTree = "<group>";
		};
		EBB8FABC1A6D838100E066D8 /* TipCalcTests */ = {
			isa = PBXGroup;
			children = (
				EBB8FABF1A6D838100E066D8 /* TipCalcTests.m */,
				EBB8FABD1A6D838100E066D8 /* Supporting Files */,
			);
			path = TipCalcTests;
			sourceTree = "<group>";
		};
		EBB8FABD1A6D838100E066D8 /* Supporting Files */ = {
			isa = PBXGroup;
			children = (
				EBB8FABE1A6D838100E066D8 /* Info.plist */,
			);
			name = "Supporting Files";
			sourceTree = "<group>";
		};
/* End PBXGroup section */

/* Begin PBXNativeTarget section */
		EBB8FA9F1A6D838000E066D8 /* TipCalc */ = {
			isa = PBXNativeTarget;
			buildConfigurationList = EBB8FAC31A6D838100E066D8 /* Build configuration list for PBXNativeTarget "TipCalc" */;
			buildPhases = (
				EBB8FA9C1A6D838000E066D8 /* Sources */,
				EBB8FA9D1A6D838000E066D8 /* Frameworks */,
				EBB8FA9E1A6D838000E066D8 /* Resources */,
			);
			buildRules = (
			);
			dependencies = (
			);
			name = TipCalc;
			productName = TipCalc;
			productReference = EBB8FAA01A6D838100E066D8 /* TipCalc.app */;
			productType = "com.apple.product-type.application";
		};
		EBB8FAB81A6D838100E066D8 /* TipCalcTests */ = {
			isa = PBXNativeTarget;
			buildConfigurationList = EBB8FAC61A6D838100E066D8 /* Build configuration list for PBXNativeTarget "TipCalcTests" */;
			buildPhases = (
				EBB8FAB51A6D838100E066D8 /* Sources */,
				EBB8FAB61A6D838100E066D8 /* Frameworks */,
				EBB8FAB71A6D838100E066D8 /* Resources */,
			);
			buildRules = (
			);
			dependencies = (
				EBB8FABB1A6D838100E066D8 /* PBXTargetDependency */,
			);
			name = TipCalcTests;
			productName = TipCalcTests;
			productReference = EBB8FAB91A6D838100E066D8 /* TipCalcTests.xctest */;
			productType = "com.apple.product-type.bundle.unit-test";
		};
/* End PBXNativeTarget section */

/* Begin PBXProject section */
		EBB8FA981A6D838000E066D8 /* Project object */ = {
			isa = PBXProject;
			attributes = {
				LastUpgradeCheck = 0610;
				ORGANIZATIONNAME = "Erika Arnold";
				TargetAttributes = {
					EBB8FA9F1A6D838000E066D8 = {
						CreatedOnToolsVersion = 6.1.1;
					};
					EBB8FAB81A6D838100E066D8 = {
						CreatedOnToolsVersion = 6.1.1;
						TestTargetID = EBB8FA9F1A6D838000E066D8;
					};
				};
			};
			buildConfigurationList = EBB8FA9B1A6D838000E066D8 /* Build configuration list for PBXProject "TipCalc" */;
			compatibilityVersion = "Xcode 3.2";
			developmentRegion = English;
			hasScannedForEncodings = 0;
			knownRegions = (
				en,
				Base,
			);
			mainGroup = EBB8FA971A6D838000E066D8;
			productRefGroup = EBB8FAA11A6D838100E066D8 /* Products */;
			projectDirPath = "";
			projectRoot = "";
			targets = (
				EBB8FA9F1A6D838000E066D8 /* TipCalc */,
				EBB8FAB81A6D838100E066D8 /* TipCalcTests */,
			);
		};
/* End PBXProject section */

/* Begin PBXResourcesBuildPhase section */
		EBB8FA9E1A6D838000E066D8 /* Resources */ = {
			isa = PBXResourcesBuildPhase;
			buildActionMask = 2147483647;
			files = (
				EBB8FAAF1A6D838100E066D8 /* Main.storyboard in Resources */,
				EBB8FAB41A6D838100E066D8 /* LaunchScreen.xib in Resources */,
				EBB8FACD1A6D83B800E066D8 /* TipViewController.xib in Resources */,
				EBB8FAB11A6D838100E066D8 /* Images.xcassets in Resources */,
				EBB8FAD21A6D9D0700E066D8 /* SettingsViewController.xib in Resources */,
			);
			runOnlyForDeploymentPostprocessing = 0;
		};
		EBB8FAB71A6D838100E066D8 /* Resources */ = {
			isa = PBXResourcesBuildPhase;
			buildActionMask = 2147483647;
			files = (
			);
			runOnlyForDeploymentPostprocessing = 0;
		};
/* End PBXResourcesBuildPhase section */

/* Begin PBXSourcesBuildPhase section */
		EBB8FA9C1A6D838000E066D8 /* Sources */ = {
			isa = PBXSourcesBuildPhase;
			buildActionMask = 2147483647;
			files = (
				EBB8FAAC1A6D838100E066D8 /* ViewController.m in Sources */,
				EBB8FAA91A6D838100E066D8 /* AppDelegate.m in Sources */,
				EBB8FAD11A6D9D0700E066D8 /* SettingsViewController.m in Sources */,
				EBB8FACC1A6D83B800E066D8 /* TipViewController.m in Sources */,
				EBB8FAA61A6D838100E066D8 /* main.m in Sources */,
			);
			runOnlyForDeploymentPostprocessing = 0;
		};
		EBB8FAB51A6D838100E066D8 /* Sources */ = {
			isa = PBXSourcesBuildPhase;
			buildActionMask = 2147483647;
			files = (
				EBB8FAC01A6D838100E066D8 /* TipCalcTests.m in Sources */,
			);
			runOnlyForDeploymentPostprocessing = 0;
		};
/* End PBXSourcesBuildPhase section */

/* Begin PBXTargetDependency section */
		EBB8FABB1A6D838100E066D8 /* PBXTargetDependency */ = {
			isa = PBXTargetDependency;
			target = EBB8FA9F1A6D838000E066D8 /* TipCalc */;
			targetProxy = EBB8FABA1A6D838100E066D8 /* PBXContainerItemProxy */;
		};
/* End PBXTargetDependency section */

/* Begin PBXVariantGroup section */
		EBB8FAAD1A6D838100E066D8 /* Main.storyboard */ = {
			isa = PBXVariantGroup;
			children = (
				EBB8FAAE1A6D838100E066D8 /* Base */,
			);
			name = Main.storyboard;
			sourceTree = "<group>";
		};
		EBB8FAB21A6D838100E066D8 /* LaunchScreen.xib */ = {
			isa = PBXVariantGroup;
			children = (
				EBB8FAB31A6D838100E066D8 /* Base */,
			);
			name = LaunchScreen.xib;
			sourceTree = "<group>";
		};
/* End PBXVariantGroup section */

/* Begin XCBuildConfiguration section */
		EBB8FAC11A6D838100E066D8 /* Debug */ = {
			isa = XCBuildConfiguration;
			buildSettings = {
				ALWAYS_SEARCH_USER_PATHS = NO;
				CLANG_CXX_LANGUAGE_STANDARD = "gnu++0x";
				CLANG_CXX_LIBRARY = "libc++";
				CLANG_ENABLE_MODULES = YES;
				CLANG_ENABLE_OBJC_ARC = YES;
				CLANG_WARN_BOOL_CONVERSION = YES;
				CLANG_WARN_CONSTANT_CONVERSION = YES;
				CLANG_WARN_DIRECT_OBJC_ISA_USAGE = YES_ERROR;
				CLANG_WARN_EMPTY_BODY = YES;
				CLANG_WARN_ENUM_CONVERSION = YES;
				CLANG_WARN_INT_CONVERSION = YES;
				CLANG_WARN_OBJC_ROOT_CLASS = YES_ERROR;
				CLANG_WARN_UNREACHABLE_CODE = YES;
				CLANG_WARN__DUPLICATE_METHOD_MATCH = YES;
				"CODE_SIGN_IDENTITY[sdk=iphoneos*]" = "iPhone Developer";
				COPY_PHASE_STRIP = NO;
				ENABLE_STRICT_OBJC_MSGSEND = YES;
				GCC_C_LANGUAGE_STANDARD = gnu99;
				GCC_DYNAMIC_NO_PIC = NO;
				GCC_OPTIMIZATION_LEVEL = 0;
				GCC_PREPROCESSOR_DEFINITIONS = (
					"DEBUG=1",
					"$(inherited)",
				);
				GCC_SYMBOLS_PRIVATE_EXTERN = NO;
				GCC_WARN_64_TO_32_BIT_CONVERSION = YES;
				GCC_WARN_ABOUT_RETURN_TYPE = YES_ERROR;
				GCC_WARN_UNDECLARED_SELECTOR = YES;
				GCC_WARN_UNINITIALIZED_AUTOS = YES_AGGRESSIVE;
				GCC_WARN_UNUSED_FUNCTION = YES;
				GCC_WARN_UNUSED_VARIABLE = YES;
				IPHONEOS_DEPLOYMENT_TARGET = 8.1;
				MTL_ENABLE_DEBUG_INFO = YES;
				ONLY_ACTIVE_ARCH = YES;
				SDKROOT = iphoneos;
			};
			name = Debug;
		};
		EBB8FAC21A6D838100E066D8 /* Release */ = {
			isa = XCBuildConfiguration;
			buildSettings = {
				ALWAYS_SEARCH_USER_PATHS = NO;
				CLANG_CXX_LANGUAGE_STANDARD = "gnu++0x";
				CLANG_CXX_LIBRARY = "libc++";
				CLANG_ENABLE_MODULES = YES;
				CLANG_ENABLE_OBJC_ARC = YES;
				CLANG_WARN_BOOL_CONVERSION = YES;
				CLANG_WARN_CONSTANT_CONVERSION = YES;
				CLANG_WARN_DIRECT_OBJC_ISA_USAGE = YES_ERROR;
				CLANG_WARN_EMPTY_BODY = YES;
				CLANG_WARN_ENUM_CONVERSION = YES;
				CLANG_WARN_INT_CONVERSION = YES;
				CLANG_WARN_OBJC_ROOT_CLASS = YES_ERROR;
				CLANG_WARN_UNREACHABLE_CODE = YES;
				CLANG_WARN__DUPLICATE_METHOD_MATCH = YES;
				"CODE_SIGN_IDENTITY[sdk=iphoneos*]" = "iPhone Developer";
				COPY_PHASE_STRIP = YES;
				ENABLE_NS_ASSERTIONS = NO;
				ENABLE_STRICT_OBJC_MSGSEND = YES;
				GCC_C_LANGUAGE_STANDARD = gnu99;
				GCC_WARN_64_TO_32_BIT_CONVERSION = YES;
				GCC_WARN_ABOUT_RETURN_TYPE = YES_ERROR;
				GCC_WARN_UNDECLARED_SELECTOR = YES;
				GCC_WARN_UNINITIALIZED_AUTOS = YES_AGGRESSIVE;
				GCC_WARN_UNUSED_FUNCTION = YES;
				GCC_WARN_UNUSED_VARIABLE = YES;
				IPHONEOS_DEPLOYMENT_TARGET = 8.1;
				MTL_ENABLE_DEBUG_INFO = NO;
				SDKROOT = iphoneos;
				VALIDATE_PRODUCT = YES;
			};
			name = Release;
		};
		EBB8FAC41A6D838100E066D8 /* Debug */ = {
			isa = XCBuildConfiguration;
			buildSettings = {
				ASSETCATALOG_COMPILER_APPICON_NAME = AppIcon;
				CODE_SIGN_IDENTITY = "iPhone Developer";
				INFOPLIST_FILE = TipCalc/Info.plist;
				IPHONEOS_DEPLOYMENT_TARGET = 6.0;
				LD_RUNPATH_SEARCH_PATHS = "$(inherited) @executable_path/Frameworks";
				PRODUCT_NAME = "$(TARGET_NAME)";
			};
			name = Debug;
		};
		EBB8FAC51A6D838100E066D8 /* Release */ = {
			isa = XCBuildConfiguration;
			buildSettings = {
				ASSETCATALOG_COMPILER_APPICON_NAME = AppIcon;
				CODE_SIGN_IDENTITY = "iPhone Developer";
				INFOPLIST_FILE = TipCalc/Info.plist;
				IPHONEOS_DEPLOYMENT_TARGET = 6.0;
				LD_RUNPATH_SEARCH_PATHS = "$(inherited) @executable_path/Frameworks";
				PRODUCT_NAME = "$(TARGET_NAME)";
			};
			name = Release;
		};
		EBB8FAC71A6D838100E066D8 /* Debug */ = {
			isa = XCBuildConfiguration;
			buildSettings = {
				BUNDLE_LOADER = "$(TEST_HOST)";
				FRAMEWORK_SEARCH_PATHS = (
					"$(SDKROOT)/Developer/Library/Frameworks",
					"$(inherited)",
				);
				GCC_PREPROCESSOR_DEFINITIONS = (
					"DEBUG=1",
					"$(inherited)",
				);
				INFOPLIST_FILE = TipCalcTests/Info.plist;
				LD_RUNPATH_SEARCH_PATHS = "$(inherited) @executable_path/Frameworks @loader_path/Frameworks";
				PRODUCT_NAME = "$(TARGET_NAME)";
				TEST_HOST = "$(BUILT_PRODUCTS_DIR)/TipCalc.app/TipCalc";
			};
			name = Debug;
		};
		EBB8FAC81A6D838100E066D8 /* Release */ = {
			isa = XCBuildConfiguration;
			buildSettings = {
				BUNDLE_LOADER = "$(TEST_HOST)";
				FRAMEWORK_SEARCH_PATHS = (
					"$(SDKROOT)/Developer/Library/Frameworks",
					"$(inherited)",
				);
				INFOPLIST_FILE = TipCalcTests/Info.plist;
				LD_RUNPATH_SEARCH_PATHS = "$(inherited) @executable_path/Frameworks @loader_path/Frameworks";
				PRODUCT_NAME = "$(TARGET_NAME)";
				TEST_HOST = "$(BUILT_PRODUCTS_DIR)/TipCalc.app/TipCalc";
			};
			name = Release;
		};
/* End XCBuildConfiguration section */

/* Begin XCConfigurationList section */
		EBB8FA9B1A6D838000E066D8 /* Build configuration list for PBXProject "TipCalc" */ = {
			isa = XCConfigurationList;
			buildConfigurations = (
				EBB8FAC11A6D838100E066D8 /* Debug */,
				EBB8FAC21A6D838100E066D8 /* Release */,
			);
			defaultConfigurationIsVisible = 0;
			defaultConfigurationName = Release;
		};
		EBB8FAC31A6D838100E066D8 /* Build configuration list for PBXNativeTarget "TipCalc" */ = {
			isa = XCConfigurationList;
			buildConfigurations = (
				EBB8FAC41A6D838100E066D8 /* Debug */,
				EBB8FAC51A6D838100E066D8 /* Release */,
			);
			defaultConfigurationIsVisible = 0;
		};
		EBB8FAC61A6D838100E066D8 /* Build configuration list for PBXNativeTarget "TipCalcTests" */ = {
			isa = XCConfigurationList;
			buildConfigurations = (
				EBB8FAC71A6D838100E066D8 /* Debug */,
				EBB8FAC81A6D838100E066D8 /* Release */,
			);
			defaultConfigurationIsVisible = 0;
		};
/* End XCConfigurationList section */
	};
	rootObject = EBB8FA981A6D838000E066D8 /* Project object */;
}
